
Microsoft Visual Studio Solution File, Format Version 11.00
# Visual Studio 2010
Project("{FAE04EC0-301F-11D3-BF4B-00C04F79EFBC}") = "ZMTFixedAssetsWebApp.WebUI", "ZMTFixedAssetsWebApp.WebUI\ZMTFixedAssetsWebApp.WebUI.csproj", "{98E78BFF-B2A0-40A4-8C18-7212CC86C279}"
EndProject
Project("{FAE04EC0-301F-11D3-BF4B-00C04F79EFBC}") = "ZMTFixedAssetsWebApp.Domain", "ZMTFixedAssetsWebApp.Domain\ZMTFixedAssetsWebApp.Domain.csproj", "{3E05E50B-B77F-4FBE-8FC1-96040A87728E}"
EndProject
Project("{FAE04EC0-301F-11D3-BF4B-00C04F79EFBC}") = "ZMTFixedAssetsWebApp.UnitTests", "ZMTFixedAssetsWebApp.UnitTests\ZMTFixedAssetsWebApp.UnitTests.csproj", "{65107353-BBBD-404D-87FD-730F2AFA0E57}"
EndProject
Project("{2150E333-8FDC-42A3-9474-1A3956D46DE8}") = "Solution Items", "Solution Items", "{8439D3D7-1DDE-4530-A57C-2CD236AAAC92}"
	ProjectSection(SolutionItems) = preProject
		Local.testsettings = Local.testsettings
		TraceAndTestImpact.testsettings = TraceAndTestImpact.testsettings
		ZMTFixedAssetsWebApp.vsmdi = ZMTFixedAssetsWebApp.vsmdi
	EndProjectSection
EndProject
Global
	GlobalSection(TestCaseManagementSettings) = postSolution
		CategoryFile = ZMTFixedAssetsWebApp.vsmdi
	EndGlobalSection
	GlobalSection(SolutionConfigurationPlatforms) = preSolution
		Debug|Any CPU = Debug|Any CPU
		Release|Any CPU = Release|Any CPU
	EndGlobalSection
	GlobalSection(ProjectConfigurationPlatforms) = postSolution
		{98E78BFF-B2A0-40A4-8C18-7212CC86C279}.Debug|Any CPU.ActiveCfg = Debug|Any CPU
		{98E78BFF-B2A0-40A4-8C18-7212CC86C279}.Debug|Any CPU.Build.0 = Debug|Any CPU
		{98E78BFF-B2A0-40A4-8C18-7212CC86C279}.Release|Any CPU.ActiveCfg = Release|Any CPU
		{98E78BFF-B2A0-40A4-8C18-7212CC86C279}.Release|Any CPU.Build.0 = Release|Any CPU
		{3E05E50B-B77F-4FBE-8FC1-96040A87728E}.Debug|Any CPU.ActiveCfg = Debug|Any CPU
		{3E05E50B-B77F-4FBE-8FC1-96040A87728E}.Debug|Any CPU.Build.0 = Debug|Any CPU
		{3E05E50B-B77F-4FBE-8FC1-96040A87728E}.Release|Any CPU.ActiveCfg = Release|Any CPU
		{3E05E50B-B77F-4FBE-8FC1-96040A87728E}.Release|Any CPU.Build.0 = Release|Any CPU
		{65107353-BBBD-404D-87FD-730F2AFA0E57}.Debug|Any CPU.ActiveCfg = Debug|Any CPU
		{65107353-BBBD-404D-87FD-730F2AFA0E57}.Debug|Any CPU.Build.0 = Debug|Any CPU
		{65107353-BBBD-404D-87FD-730F2AFA0E57}.Release|Any CPU.ActiveCfg = Release|Any CPU
		{65107353-BBBD-404D-87FD-730F2AFA0E57}.Release|Any CPU.Build.0 = Release|Any CPU
	EndGlobalSection
	GlobalSection(SolutionProperties) = preSolution
		HideSolutionNode = FALSE
	EndGlobalSection
EndGlobal
